
Microsoft Visual Studio Solution File, Format Version 12.00
# Visual Studio Version 16
VisualStudioVersion = 16.0.30413.136
MinimumVisualStudioVersion = 10.0.40219.1
Project("{D954291E-2A0B-460D-934E-DC6B0785DB48}") = "FrontEnd.Shared", "FrontEnd\FrontEnd.Shared\FrontEnd.Shared.shproj", "{6279C845-92F8-4333-AB99-3D213163593C}"
EndProject
Project("{FAE04EC0-301F-11D3-BF4B-00C04F79EFBC}") = "FrontEnd.Droid", "FrontEnd\FrontEnd.Droid\FrontEnd.Droid.csproj", "{8441348B-3B8E-4FC1-B17B-8F955586A481}"
EndProject
Project("{FAE04EC0-301F-11D3-BF4B-00C04F79EFBC}") = "FrontEnd.iOS", "FrontEnd\FrontEnd.iOS\FrontEnd.iOS.csproj", "{E264D0D9-47CD-4B9A-8B4A-59BB48BEEAD9}"
EndProject
Project("{FAE04EC0-301F-11D3-BF4B-00C04F79EFBC}") = "FrontEnd.UWP", "FrontEnd\FrontEnd.UWP\FrontEnd.UWP.csproj", "{BE1F6844-6B7F-4893-95D2-1F0FEB58A8DF}"
EndProject
Project("{FAE04EC0-301F-11D3-BF4B-00C04F79EFBC}") = "FrontEnd.Wasm", "FrontEnd\FrontEnd.Wasm\FrontEnd.Wasm.csproj", "{42A028EF-82AE-459A-956B-731F5DE4FC9B}"
EndProject
Project("{FAE04EC0-301F-11D3-BF4B-00C04F79EFBC}") = "FrontEnd.macOS", "FrontEnd\FrontEnd.macOS\FrontEnd.macOS.csproj", "{0D256116-864A-478B-A615-EFFA4A0E143A}"
EndProject
Project("{2150E333-8FDC-42A3-9474-1A3956D46DE8}") = "Solution Items", "Solution Items", "{45F6DD2D-4A51-4171-B69B-446C7C1BAE85}"
	ProjectSection(SolutionItems) = preProject
		.editorconfig = .editorconfig
	EndProjectSection
EndProject
Global
	GlobalSection(SharedMSBuildProjectFiles) = preSolution
		FrontEnd\FrontEnd.Shared\FrontEnd.Shared.projitems*{0d256116-864a-478b-a615-effa4a0e143a}*SharedItemsImports = 4
		FrontEnd\FrontEnd.Shared\FrontEnd.Shared.projitems*{42a028ef-82ae-459a-956b-731f5de4fc9b}*SharedItemsImports = 5
		FrontEnd\FrontEnd.Shared\FrontEnd.Shared.projitems*{6279c845-92f8-4333-ab99-3d213163593c}*SharedItemsImports = 13
		FrontEnd\FrontEnd.Shared\FrontEnd.Shared.projitems*{8441348b-3b8e-4fc1-b17b-8f955586a481}*SharedItemsImports = 4
		FrontEnd\FrontEnd.Shared\FrontEnd.Shared.projitems*{be1f6844-6b7f-4893-95d2-1f0feb58a8df}*SharedItemsImports = 4
		FrontEnd\FrontEnd.Shared\FrontEnd.Shared.projitems*{e264d0d9-47cd-4b9a-8b4a-59bb48beead9}*SharedItemsImports = 4
	EndGlobalSection
	GlobalSection(SolutionConfigurationPlatforms) = preSolution
		Ad-Hoc|Any CPU = Ad-Hoc|Any CPU
		Ad-Hoc|ARM = Ad-Hoc|ARM
		Ad-Hoc|ARM64 = Ad-Hoc|ARM64
		Ad-Hoc|iPhone = Ad-Hoc|iPhone
		Ad-Hoc|iPhoneSimulator = Ad-Hoc|iPhoneSimulator
		Ad-Hoc|x64 = Ad-Hoc|x64
		Ad-Hoc|x86 = Ad-Hoc|x86
		AppStore|Any CPU = AppStore|Any CPU
		AppStore|ARM = AppStore|ARM
		AppStore|ARM64 = AppStore|ARM64
		AppStore|iPhone = AppStore|iPhone
		AppStore|iPhoneSimulator = AppStore|iPhoneSimulator
		AppStore|x64 = AppStore|x64
		AppStore|x86 = AppStore|x86
		Debug|Any CPU = Debug|Any CPU
		Debug|ARM = Debug|ARM
		Debug|ARM64 = Debug|ARM64
		Debug|iPhone = Debug|iPhone
		Debug|iPhoneSimulator = Debug|iPhoneSimulator
		Debug|x64 = Debug|x64
		Debug|x86 = Debug|x86
		Release|Any CPU = Release|Any CPU
		Release|ARM = Release|ARM
		Release|ARM64 = Release|ARM64
		Release|iPhone = Release|iPhone
		Release|iPhoneSimulator = Release|iPhoneSimulator
		Release|x64 = Release|x64
		Release|x86 = Release|x86
	EndGlobalSection
	GlobalSection(ProjectConfigurationPlatforms) = postSolution
		{8441348B-3B8E-4FC1-B17B-8F955586A481}.Ad-Hoc|Any CPU.ActiveCfg = Release|Any CPU
		{8441348B-3B8E-4FC1-B17B-8F955586A481}.Ad-Hoc|Any CPU.Build.0 = Release|Any CPU
		{8441348B-3B8E-4FC1-B17B-8F955586A481}.Ad-Hoc|Any CPU.Deploy.0 = Release|Any CPU
		{8441348B-3B8E-4FC1-B17B-8F955586A481}.Ad-Hoc|ARM.ActiveCfg = Release|Any CPU
		{8441348B-3B8E-4FC1-B17B-8F955586A481}.Ad-Hoc|ARM.Build.0 = Release|Any CPU
		{8441348B-3B8E-4FC1-B17B-8F955586A481}.Ad-Hoc|ARM.Deploy.0 = Release|Any CPU
		{8441348B-3B8E-4FC1-B17B-8F955586A481}.Ad-Hoc|ARM64.ActiveCfg = Release|Any CPU
		{8441348B-3B8E-4FC1-B17B-8F955586A481}.Ad-Hoc|ARM64.Build.0 = Release|Any CPU
		{8441348B-3B8E-4FC1-B17B-8F955586A481}.Ad-Hoc|ARM64.Deploy.0 = Release|Any CPU
		{8441348B-3B8E-4FC1-B17B-8F955586A481}.Ad-Hoc|iPhone.ActiveCfg = Release|Any CPU
		{8441348B-3B8E-4FC1-B17B-8F955586A481}.Ad-Hoc|iPhone.Build.0 = Release|Any CPU
		{8441348B-3B8E-4FC1-B17B-8F955586A481}.Ad-Hoc|iPhone.Deploy.0 = Release|Any CPU
		{8441348B-3B8E-4FC1-B17B-8F955586A481}.Ad-Hoc|iPhoneSimulator.ActiveCfg = Release|Any CPU
		{8441348B-3B8E-4FC1-B17B-8F955586A481}.Ad-Hoc|iPhoneSimulator.Build.0 = Release|Any CPU
		{8441348B-3B8E-4FC1-B17B-8F955586A481}.Ad-Hoc|iPhoneSimulator.Deploy.0 = Release|Any CPU
		{8441348B-3B8E-4FC1-B17B-8F955586A481}.Ad-Hoc|x64.ActiveCfg = Release|Any CPU
		{8441348B-3B8E-4FC1-B17B-8F955586A481}.Ad-Hoc|x64.Build.0 = Release|Any CPU
		{8441348B-3B8E-4FC1-B17B-8F955586A481}.Ad-Hoc|x64.Deploy.0 = Release|Any CPU
		{8441348B-3B8E-4FC1-B17B-8F955586A481}.Ad-Hoc|x86.ActiveCfg = Release|Any CPU
		{8441348B-3B8E-4FC1-B17B-8F955586A481}.Ad-Hoc|x86.Build.0 = Release|Any CPU
		{8441348B-3B8E-4FC1-B17B-8F955586A481}.Ad-Hoc|x86.Deploy.0 = Release|Any CPU
		{8441348B-3B8E-4FC1-B17B-8F955586A481}.AppStore|Any CPU.ActiveCfg = Release|Any CPU
		{8441348B-3B8E-4FC1-B17B-8F955586A481}.AppStore|Any CPU.Build.0 = Release|Any CPU
		{8441348B-3B8E-4FC1-B17B-8F955586A481}.AppStore|Any CPU.Deploy.0 = Release|Any CPU
		{8441348B-3B8E-4FC1-B17B-8F955586A481}.AppStore|ARM.ActiveCfg = Release|Any CPU
		{8441348B-3B8E-4FC1-B17B-8F955586A481}.AppStore|ARM.Build.0 = Release|Any CPU
		{8441348B-3B8E-4FC1-B17B-8F955586A481}.AppStore|ARM.Deploy.0 = Release|Any CPU
		{8441348B-3B8E-4FC1-B17B-8F955586A481}.AppStore|ARM64.ActiveCfg = Release|Any CPU
		{8441348B-3B8E-4FC1-B17B-8F955586A481}.AppStore|ARM64.Build.0 = Release|Any CPU
		{8441348B-3B8E-4FC1-B17B-8F955586A481}.AppStore|ARM64.Deploy.0 = Release|Any CPU
		{8441348B-3B8E-4FC1-B17B-8F955586A481}.AppStore|iPhone.ActiveCfg = Release|Any CPU
		{8441348B-3B8E-4FC1-B17B-8F955586A481}.AppStore|iPhone.Build.0 = Release|Any CPU
		{8441348B-3B8E-4FC1-B17B-8F955586A481}.AppStore|iPhone.Deploy.0 = Release|Any CPU
		{8441348B-3B8E-4FC1-B17B-8F955586A481}.AppStore|iPhoneSimulator.ActiveCfg = Release|Any CPU
		{8441348B-3B8E-4FC1-B17B-8F955586A481}.AppStore|iPhoneSimulator.Build.0 = Release|Any CPU
		{8441348B-3B8E-4FC1-B17B-8F955586A481}.AppStore|iPhoneSimulator.Deploy.0 = Release|Any CPU
		{8441348B-3B8E-4FC1-B17B-8F955586A481}.AppStore|x64.ActiveCfg = Release|Any CPU
		{8441348B-3B8E-4FC1-B17B-8F955586A481}.AppStore|x64.Build.0 = Release|Any CPU
		{8441348B-3B8E-4FC1-B17B-8F955586A481}.AppStore|x64.Deploy.0 = Release|Any CPU
		{8441348B-3B8E-4FC1-B17B-8F955586A481}.AppStore|x86.ActiveCfg = Release|Any CPU
		{8441348B-3B8E-4FC1-B17B-8F955586A481}.AppStore|x86.Build.0 = Release|Any CPU
		{8441348B-3B8E-4FC1-B17B-8F955586A481}.AppStore|x86.Deploy.0 = Release|Any CPU
		{8441348B-3B8E-4FC1-B17B-8F955586A481}.Debug|Any CPU.ActiveCfg = Debug|Any CPU
		{8441348B-3B8E-4FC1-B17B-8F955586A481}.Debug|Any CPU.Build.0 = Debug|Any CPU
		{8441348B-3B8E-4FC1-B17B-8F955586A481}.Debug|Any CPU.Deploy.0 = Debug|Any CPU
		{8441348B-3B8E-4FC1-B17B-8F955586A481}.Debug|ARM.ActiveCfg = Debug|Any CPU
		{8441348B-3B8E-4FC1-B17B-8F955586A481}.Debug|ARM.Build.0 = Debug|Any CPU
		{8441348B-3B8E-4FC1-B17B-8F955586A481}.Debug|ARM.Deploy.0 = Debug|Any CPU
		{8441348B-3B8E-4FC1-B17B-8F955586A481}.Debug|ARM64.ActiveCfg = Debug|Any CPU
		{8441348B-3B8E-4FC1-B17B-8F955586A481}.Debug|ARM64.Build.0 = Debug|Any CPU
		{8441348B-3B8E-4FC1-B17B-8F955586A481}.Debug|ARM64.Deploy.0 = Debug|Any CPU
		{8441348B-3B8E-4FC1-B17B-8F955586A481}.Debug|iPhone.ActiveCfg = Debug|Any CPU
		{8441348B-3B8E-4FC1-B17B-8F955586A481}.Debug|iPhone.Build.0 = Debug|Any CPU
		{8441348B-3B8E-4FC1-B17B-8F955586A481}.Debug|iPhone.Deploy.0 = Debug|Any CPU
		{8441348B-3B8E-4FC1-B17B-8F955586A481}.Debug|iPhoneSimulator.ActiveCfg = Debug|Any CPU
		{8441348B-3B8E-4FC1-B17B-8F955586A481}.Debug|iPhoneSimulator.Build.0 = Debug|Any CPU
		{8441348B-3B8E-4FC1-B17B-8F955586A481}.Debug|iPhoneSimulator.Deploy.0 = Debug|Any CPU
		{8441348B-3B8E-4FC1-B17B-8F955586A481}.Debug|x64.ActiveCfg = Debug|Any CPU
		{8441348B-3B8E-4FC1-B17B-8F955586A481}.Debug|x64.Build.0 = Debug|Any CPU
		{8441348B-3B8E-4FC1-B17B-8F955586A481}.Debug|x64.Deploy.0 = Debug|Any CPU
		{8441348B-3B8E-4FC1-B17B-8F955586A481}.Debug|x86.ActiveCfg = Debug|Any CPU
		{8441348B-3B8E-4FC1-B17B-8F955586A481}.Debug|x86.Build.0 = Debug|Any CPU
		{8441348B-3B8E-4FC1-B17B-8F955586A481}.Debug|x86.Deploy.0 = Debug|Any CPU
		{8441348B-3B8E-4FC1-B17B-8F955586A481}.Release|Any CPU.ActiveCfg = Release|Any CPU
		{8441348B-3B8E-4FC1-B17B-8F955586A481}.Release|Any CPU.Build.0 = Release|Any CPU
		{8441348B-3B8E-4FC1-B17B-8F955586A481}.Release|Any CPU.Deploy.0 = Release|Any CPU
		{8441348B-3B8E-4FC1-B17B-8F955586A481}.Release|ARM.ActiveCfg = Release|Any CPU
		{8441348B-3B8E-4FC1-B17B-8F955586A481}.Release|ARM.Build.0 = Release|Any CPU
		{8441348B-3B8E-4FC1-B17B-8F955586A481}.Release|ARM.Deploy.0 = Release|Any CPU
		{8441348B-3B8E-4FC1-B17B-8F955586A481}.Release|ARM64.ActiveCfg = Release|Any CPU
		{8441348B-3B8E-4FC1-B17B-8F955586A481}.Release|ARM64.Build.0 = Release|Any CPU
		{8441348B-3B8E-4FC1-B17B-8F955586A481}.Release|ARM64.Deploy.0 = Release|Any CPU
		{8441348B-3B8E-4FC1-B17B-8F955586A481}.Release|iPhone.ActiveCfg = Release|Any CPU
		{8441348B-3B8E-4FC1-B17B-8F955586A481}.Release|iPhone.Build.0 = Release|Any CPU
		{8441348B-3B8E-4FC1-B17B-8F955586A481}.Release|iPhone.Deploy.0 = Release|Any CPU
		{8441348B-3B8E-4FC1-B17B-8F955586A481}.Release|iPhoneSimulator.ActiveCfg = Release|Any CPU
		{8441348B-3B8E-4FC1-B17B-8F955586A481}.Release|iPhoneSimulator.Build.0 = Release|Any CPU
		{8441348B-3B8E-4FC1-B17B-8F955586A481}.Release|iPhoneSimulator.Deploy.0 = Release|Any CPU
		{8441348B-3B8E-4FC1-B17B-8F955586A481}.Release|x64.ActiveCfg = Release|Any CPU
		{8441348B-3B8E-4FC1-B17B-8F955586A481}.Release|x64.Build.0 = Release|Any CPU
		{8441348B-3B8E-4FC1-B17B-8F955586A481}.Release|x64.Deploy.0 = Release|Any CPU
		{8441348B-3B8E-4FC1-B17B-8F955586A481}.Release|x86.ActiveCfg = Release|Any CPU
		{8441348B-3B8E-4FC1-B17B-8F955586A481}.Release|x86.Build.0 = Release|Any CPU
		{8441348B-3B8E-4FC1-B17B-8F955586A481}.Release|x86.Deploy.0 = Release|Any CPU
		{E264D0D9-47CD-4B9A-8B4A-59BB48BEEAD9}.Ad-Hoc|Any CPU.ActiveCfg = Ad-Hoc|iPhone
		{E264D0D9-47CD-4B9A-8B4A-59BB48BEEAD9}.Ad-Hoc|ARM.ActiveCfg = Ad-Hoc|iPhone
		{E264D0D9-47CD-4B9A-8B4A-59BB48BEEAD9}.Ad-Hoc|ARM64.ActiveCfg = Ad-Hoc|iPhone
		{E264D0D9-47CD-4B9A-8B4A-59BB48BEEAD9}.Ad-Hoc|iPhone.ActiveCfg = Ad-Hoc|iPhone
		{E264D0D9-47CD-4B9A-8B4A-59BB48BEEAD9}.Ad-Hoc|iPhone.Build.0 = Ad-Hoc|iPhone
		{E264D0D9-47CD-4B9A-8B4A-59BB48BEEAD9}.Ad-Hoc|iPhoneSimulator.ActiveCfg = Ad-Hoc|iPhoneSimulator
		{E264D0D9-47CD-4B9A-8B4A-59BB48BEEAD9}.Ad-Hoc|iPhoneSimulator.Build.0 = Ad-Hoc|iPhoneSimulator
		{E264D0D9-47CD-4B9A-8B4A-59BB48BEEAD9}.Ad-Hoc|x64.ActiveCfg = Ad-Hoc|iPhone
		{E264D0D9-47CD-4B9A-8B4A-59BB48BEEAD9}.Ad-Hoc|x86.ActiveCfg = Ad-Hoc|iPhone
		{E264D0D9-47CD-4B9A-8B4A-59BB48BEEAD9}.AppStore|Any CPU.ActiveCfg = AppStore|iPhone
		{E264D0D9-47CD-4B9A-8B4A-59BB48BEEAD9}.AppStore|ARM.ActiveCfg = AppStore|iPhone
		{E264D0D9-47CD-4B9A-8B4A-59BB48BEEAD9}.AppStore|ARM64.ActiveCfg = AppStore|iPhone
		{E264D0D9-47CD-4B9A-8B4A-59BB48BEEAD9}.AppStore|iPhone.ActiveCfg = AppStore|iPhone
		{E264D0D9-47CD-4B9A-8B4A-59BB48BEEAD9}.AppStore|iPhone.Build.0 = AppStore|iPhone
		{E264D0D9-47CD-4B9A-8B4A-59BB48BEEAD9}.AppStore|iPhoneSimulator.ActiveCfg = AppStore|iPhoneSimulator
		{E264D0D9-47CD-4B9A-8B4A-59BB48BEEAD9}.AppStore|iPhoneSimulator.Build.0 = AppStore|iPhoneSimulator
		{E264D0D9-47CD-4B9A-8B4A-59BB48BEEAD9}.AppStore|x64.ActiveCfg = AppStore|iPhone
		{E264D0D9-47CD-4B9A-8B4A-59BB48BEEAD9}.AppStore|x86.ActiveCfg = AppStore|iPhone
		{E264D0D9-47CD-4B9A-8B4A-59BB48BEEAD9}.Debug|Any CPU.ActiveCfg = Debug|iPhone
		{E264D0D9-47CD-4B9A-8B4A-59BB48BEEAD9}.Debug|ARM.ActiveCfg = Debug|iPhone
		{E264D0D9-47CD-4B9A-8B4A-59BB48BEEAD9}.Debug|ARM64.ActiveCfg = Debug|iPhone
		{E264D0D9-47CD-4B9A-8B4A-59BB48BEEAD9}.Debug|iPhone.ActiveCfg = Debug|iPhone
		{E264D0D9-47CD-4B9A-8B4A-59BB48BEEAD9}.Debug|iPhone.Build.0 = Debug|iPhone
		{E264D0D9-47CD-4B9A-8B4A-59BB48BEEAD9}.Debug|iPhoneSimulator.ActiveCfg = Debug|iPhoneSimulator
		{E264D0D9-47CD-4B9A-8B4A-59BB48BEEAD9}.Debug|iPhoneSimulator.Build.0 = Debug|iPhoneSimulator
		{E264D0D9-47CD-4B9A-8B4A-59BB48BEEAD9}.Debug|x64.ActiveCfg = Debug|iPhone
		{E264D0D9-47CD-4B9A-8B4A-59BB48BEEAD9}.Debug|x86.ActiveCfg = Debug|iPhone
		{E264D0D9-47CD-4B9A-8B4A-59BB48BEEAD9}.Release|Any CPU.ActiveCfg = Release|iPhone
		{E264D0D9-47CD-4B9A-8B4A-59BB48BEEAD9}.Release|ARM.ActiveCfg = Release|iPhone
		{E264D0D9-47CD-4B9A-8B4A-59BB48BEEAD9}.Release|ARM64.ActiveCfg = Release|iPhone
		{E264D0D9-47CD-4B9A-8B4A-59BB48BEEAD9}.Release|iPhone.ActiveCfg = Release|iPhone
		{E264D0D9-47CD-4B9A-8B4A-59BB48BEEAD9}.Release|iPhone.Build.0 = Release|iPhone
		{E264D0D9-47CD-4B9A-8B4A-59BB48BEEAD9}.Release|iPhoneSimulator.ActiveCfg = Release|iPhoneSimulator
		{E264D0D9-47CD-4B9A-8B4A-59BB48BEEAD9}.Release|iPhoneSimulator.Build.0 = Release|iPhoneSimulator
		{E264D0D9-47CD-4B9A-8B4A-59BB48BEEAD9}.Release|x64.ActiveCfg = Release|iPhone
		{E264D0D9-47CD-4B9A-8B4A-59BB48BEEAD9}.Release|x86.ActiveCfg = Release|iPhone
		{BE1F6844-6B7F-4893-95D2-1F0FEB58A8DF}.Ad-Hoc|Any CPU.ActiveCfg = Release|x64
		{BE1F6844-6B7F-4893-95D2-1F0FEB58A8DF}.Ad-Hoc|Any CPU.Build.0 = Release|x64
		{BE1F6844-6B7F-4893-95D2-1F0FEB58A8DF}.Ad-Hoc|Any CPU.Deploy.0 = Release|x64
		{BE1F6844-6B7F-4893-95D2-1F0FEB58A8DF}.Ad-Hoc|ARM.ActiveCfg = Release|ARM
		{BE1F6844-6B7F-4893-95D2-1F0FEB58A8DF}.Ad-Hoc|ARM.Build.0 = Release|ARM
		{BE1F6844-6B7F-4893-95D2-1F0FEB58A8DF}.Ad-Hoc|ARM.Deploy.0 = Release|ARM
		{BE1F6844-6B7F-4893-95D2-1F0FEB58A8DF}.Ad-Hoc|ARM64.ActiveCfg = Release|ARM64
		{BE1F6844-6B7F-4893-95D2-1F0FEB58A8DF}.Ad-Hoc|ARM64.Build.0 = Release|ARM64
		{BE1F6844-6B7F-4893-95D2-1F0FEB58A8DF}.Ad-Hoc|ARM64.Deploy.0 = Release|ARM64
		{BE1F6844-6B7F-4893-95D2-1F0FEB58A8DF}.Ad-Hoc|iPhone.ActiveCfg = Release|x64
		{BE1F6844-6B7F-4893-95D2-1F0FEB58A8DF}.Ad-Hoc|iPhone.Build.0 = Release|x64
		{BE1F6844-6B7F-4893-95D2-1F0FEB58A8DF}.Ad-Hoc|iPhone.Deploy.0 = Release|x64
		{BE1F6844-6B7F-4893-95D2-1F0FEB58A8DF}.Ad-Hoc|iPhoneSimulator.ActiveCfg = Release|x64
		{BE1F6844-6B7F-4893-95D2-1F0FEB58A8DF}.Ad-Hoc|iPhoneSimulator.Build.0 = Release|x64
		{BE1F6844-6B7F-4893-95D2-1F0FEB58A8DF}.Ad-Hoc|iPhoneSimulator.Deploy.0 = Release|x64
		{BE1F6844-6B7F-4893-95D2-1F0FEB58A8DF}.Ad-Hoc|x64.ActiveCfg = Release|x64
		{BE1F6844-6B7F-4893-95D2-1F0FEB58A8DF}.Ad-Hoc|x64.Build.0 = Release|x64
		{BE1F6844-6B7F-4893-95D2-1F0FEB58A8DF}.Ad-Hoc|x64.Deploy.0 = Release|x64
		{BE1F6844-6B7F-4893-95D2-1F0FEB58A8DF}.Ad-Hoc|x86.ActiveCfg = Release|x86
		{BE1F6844-6B7F-4893-95D2-1F0FEB58A8DF}.Ad-Hoc|x86.Build.0 = Release|x86
		{BE1F6844-6B7F-4893-95D2-1F0FEB58A8DF}.Ad-Hoc|x86.Deploy.0 = Release|x86
		{BE1F6844-6B7F-4893-95D2-1F0FEB58A8DF}.AppStore|Any CPU.ActiveCfg = Release|x64
		{BE1F6844-6B7F-4893-95D2-1F0FEB58A8DF}.AppStore|Any CPU.Build.0 = Release|x64
		{BE1F6844-6B7F-4893-95D2-1F0FEB58A8DF}.AppStore|Any CPU.Deploy.0 = Release|x64
		{BE1F6844-6B7F-4893-95D2-1F0FEB58A8DF}.AppStore|ARM.ActiveCfg = Release|ARM
		{BE1F6844-6B7F-4893-95D2-1F0FEB58A8DF}.AppStore|ARM.Build.0 = Release|ARM
		{BE1F6844-6B7F-4893-95D2-1F0FEB58A8DF}.AppStore|ARM.Deploy.0 = Release|ARM
		{BE1F6844-6B7F-4893-95D2-1F0FEB58A8DF}.AppStore|ARM64.ActiveCfg = Release|ARM64
		{BE1F6844-6B7F-4893-95D2-1F0FEB58A8DF}.AppStore|ARM64.Build.0 = Release|ARM64
		{BE1F6844-6B7F-4893-95D2-1F0FEB58A8DF}.AppStore|ARM64.Deploy.0 = Release|ARM64
		{BE1F6844-6B7F-4893-95D2-1F0FEB58A8DF}.AppStore|iPhone.ActiveCfg = Release|x64
		{BE1F6844-6B7F-4893-95D2-1F0FEB58A8DF}.AppStore|iPhone.Build.0 = Release|x64
		{BE1F6844-6B7F-4893-95D2-1F0FEB58A8DF}.AppStore|iPhone.Deploy.0 = Release|x64
		{BE1F6844-6B7F-4893-95D2-1F0FEB58A8DF}.AppStore|iPhoneSimulator.ActiveCfg = Release|x64
		{BE1F6844-6B7F-4893-95D2-1F0FEB58A8DF}.AppStore|iPhoneSimulator.Build.0 = Release|x64
		{BE1F6844-6B7F-4893-95D2-1F0FEB58A8DF}.AppStore|iPhoneSimulator.Deploy.0 = Release|x64
		{BE1F6844-6B7F-4893-95D2-1F0FEB58A8DF}.AppStore|x64.ActiveCfg = Release|x64
		{BE1F6844-6B7F-4893-95D2-1F0FEB58A8DF}.AppStore|x64.Build.0 = Release|x64
		{BE1F6844-6B7F-4893-95D2-1F0FEB58A8DF}.AppStore|x64.Deploy.0 = Release|x64
		{BE1F6844-6B7F-4893-95D2-1F0FEB58A8DF}.AppStore|x86.ActiveCfg = Release|x86
		{BE1F6844-6B7F-4893-95D2-1F0FEB58A8DF}.AppStore|x86.Build.0 = Release|x86
		{BE1F6844-6B7F-4893-95D2-1F0FEB58A8DF}.AppStore|x86.Deploy.0 = Release|x86
		{BE1F6844-6B7F-4893-95D2-1F0FEB58A8DF}.Debug|Any CPU.ActiveCfg = Debug|x86
		{BE1F6844-6B7F-4893-95D2-1F0FEB58A8DF}.Debug|ARM.ActiveCfg = Debug|ARM
		{BE1F6844-6B7F-4893-95D2-1F0FEB58A8DF}.Debug|ARM.Build.0 = Debug|ARM
		{BE1F6844-6B7F-4893-95D2-1F0FEB58A8DF}.Debug|ARM.Deploy.0 = Debug|ARM
		{BE1F6844-6B7F-4893-95D2-1F0FEB58A8DF}.Debug|ARM64.ActiveCfg = Debug|ARM64
		{BE1F6844-6B7F-4893-95D2-1F0FEB58A8DF}.Debug|ARM64.Build.0 = Debug|ARM64
		{BE1F6844-6B7F-4893-95D2-1F0FEB58A8DF}.Debug|ARM64.Deploy.0 = Debug|ARM64
		{BE1F6844-6B7F-4893-95D2-1F0FEB58A8DF}.Debug|iPhone.ActiveCfg = Debug|x86
		{BE1F6844-6B7F-4893-95D2-1F0FEB58A8DF}.Debug|iPhoneSimulator.ActiveCfg = Debug|x86
		{BE1F6844-6B7F-4893-95D2-1F0FEB58A8DF}.Debug|x64.ActiveCfg = Debug|x64
		{BE1F6844-6B7F-4893-95D2-1F0FEB58A8DF}.Debug|x64.Build.0 = Debug|x64
		{BE1F6844-6B7F-4893-95D2-1F0FEB58A8DF}.Debug|x64.Deploy.0 = Debug|x64
		{BE1F6844-6B7F-4893-95D2-1F0FEB58A8DF}.Debug|x86.ActiveCfg = Debug|x86
		{BE1F6844-6B7F-4893-95D2-1F0FEB58A8DF}.Debug|x86.Build.0 = Debug|x86
		{BE1F6844-6B7F-4893-95D2-1F0FEB58A8DF}.Debug|x86.Deploy.0 = Debug|x86
		{BE1F6844-6B7F-4893-95D2-1F0FEB58A8DF}.Release|Any CPU.ActiveCfg = Release|x86
		{BE1F6844-6B7F-4893-95D2-1F0FEB58A8DF}.Release|ARM.ActiveCfg = Release|ARM
		{BE1F6844-6B7F-4893-95D2-1F0FEB58A8DF}.Release|ARM.Build.0 = Release|ARM
		{BE1F6844-6B7F-4893-95D2-1F0FEB58A8DF}.Release|ARM.Deploy.0 = Release|ARM
		{BE1F6844-6B7F-4893-95D2-1F0FEB58A8DF}.Release|ARM64.ActiveCfg = Release|ARM64
		{BE1F6844-6B7F-4893-95D2-1F0FEB58A8DF}.Release|ARM64.Build.0 = Release|ARM64
		{BE1F6844-6B7F-4893-95D2-1F0FEB58A8DF}.Release|ARM64.Deploy.0 = Release|ARM64
		{BE1F6844-6B7F-4893-95D2-1F0FEB58A8DF}.Release|iPhone.ActiveCfg = Release|x86
		{BE1F6844-6B7F-4893-95D2-1F0FEB58A8DF}.Release|iPhoneSimulator.ActiveCfg = Release|x86
		{BE1F6844-6B7F-4893-95D2-1F0FEB58A8DF}.Release|x64.ActiveCfg = Release|x64
		{BE1F6844-6B7F-4893-95D2-1F0FEB58A8DF}.Release|x64.Build.0 = Release|x64
		{BE1F6844-6B7F-4893-95D2-1F0FEB58A8DF}.Release|x64.Deploy.0 = Release|x64
		{BE1F6844-6B7F-4893-95D2-1F0FEB58A8DF}.Release|x86.ActiveCfg = Release|x86
		{BE1F6844-6B7F-4893-95D2-1F0FEB58A8DF}.Release|x86.Build.0 = Release|x86
		{BE1F6844-6B7F-4893-95D2-1F0FEB58A8DF}.Release|x86.Deploy.0 = Release|x86
		{42A028EF-82AE-459A-956B-731F5DE4FC9B}.Ad-Hoc|Any CPU.ActiveCfg = Debug|Any CPU
		{42A028EF-82AE-459A-956B-731F5DE4FC9B}.Ad-Hoc|Any CPU.Build.0 = Debug|Any CPU
		{42A028EF-82AE-459A-956B-731F5DE4FC9B}.Ad-Hoc|ARM.ActiveCfg = Debug|Any CPU
		{42A028EF-82AE-459A-956B-731F5DE4FC9B}.Ad-Hoc|ARM.Build.0 = Debug|Any CPU
		{42A028EF-82AE-459A-956B-731F5DE4FC9B}.Ad-Hoc|ARM64.ActiveCfg = Debug|Any CPU
		{42A028EF-82AE-459A-956B-731F5DE4FC9B}.Ad-Hoc|ARM64.Build.0 = Debug|Any CPU
		{42A028EF-82AE-459A-956B-731F5DE4FC9B}.Ad-Hoc|iPhone.ActiveCfg = Debug|Any CPU
		{42A028EF-82AE-459A-956B-731F5DE4FC9B}.Ad-Hoc|iPhone.Build.0 = Debug|Any CPU
		{42A028EF-82AE-459A-956B-731F5DE4FC9B}.Ad-Hoc|iPhoneSimulator.ActiveCfg = Debug|Any CPU
		{42A028EF-82AE-459A-956B-731F5DE4FC9B}.Ad-Hoc|iPhoneSimulator.Build.0 = Debug|Any CPU
		{42A028EF-82AE-459A-956B-731F5DE4FC9B}.Ad-Hoc|x64.ActiveCfg = Debug|Any CPU
		{42A028EF-82AE-459A-956B-731F5DE4FC9B}.Ad-Hoc|x64.Build.0 = Debug|Any CPU
		{42A028EF-82AE-459A-956B-731F5DE4FC9B}.Ad-Hoc|x86.ActiveCfg = Debug|Any CPU
		{42A028EF-82AE-459A-956B-731F5DE4FC9B}.Ad-Hoc|x86.Build.0 = Debug|Any CPU
		{42A028EF-82AE-459A-956B-731F5DE4FC9B}.AppStore|Any CPU.ActiveCfg = Debug|Any CPU
		{42A028EF-82AE-459A-956B-731F5DE4FC9B}.AppStore|Any CPU.Build.0 = Debug|Any CPU
		{42A028EF-82AE-459A-956B-731F5DE4FC9B}.AppStore|ARM.ActiveCfg = Debug|Any CPU
		{42A028EF-82AE-459A-956B-731F5DE4FC9B}.AppStore|ARM.Build.0 = Debug|Any CPU
		{42A028EF-82AE-459A-956B-731F5DE4FC9B}.AppStore|ARM64.ActiveCfg = Debug|Any CPU
		{42A028EF-82AE-459A-956B-731F5DE4FC9B}.AppStore|ARM64.Build.0 = Debug|Any CPU
		{42A028EF-82AE-459A-956B-731F5DE4FC9B}.AppStore|iPhone.ActiveCfg = Debug|Any CPU
		{42A028EF-82AE-459A-956B-731F5DE4FC9B}.AppStore|iPhone.Build.0 = Debug|Any CPU
		{42A028EF-82AE-459A-956B-731F5DE4FC9B}.AppStore|iPhoneSimulator.ActiveCfg = Debug|Any CPU
		{42A028EF-82AE-459A-956B-731F5DE4FC9B}.AppStore|iPhoneSimulator.Build.0 = Debug|Any CPU
		{42A028EF-82AE-459A-956B-731F5DE4FC9B}.AppStore|x64.ActiveCfg = Debug|Any CPU
		{42A028EF-82AE-459A-956B-731F5DE4FC9B}.AppStore|x64.Build.0 = Debug|Any CPU
		{42A028EF-82AE-459A-956B-731F5DE4FC9B}.AppStore|x86.ActiveCfg = Debug|Any CPU
		{42A028EF-82AE-459A-956B-731F5DE4FC9B}.AppStore|x86.Build.0 = Debug|Any CPU
		{42A028EF-82AE-459A-956B-731F5DE4FC9B}.Debug|Any CPU.ActiveCfg = Debug|Any CPU
		{42A028EF-82AE-459A-956B-731F5DE4FC9B}.Debug|Any CPU.Build.0 = Debug|Any CPU
		{42A028EF-82AE-459A-956B-731F5DE4FC9B}.Debug|ARM.ActiveCfg = Debug|Any CPU
		{42A028EF-82AE-459A-956B-731F5DE4FC9B}.Debug|ARM.Build.0 = Debug|Any CPU
		{42A028EF-82AE-459A-956B-731F5DE4FC9B}.Debug|ARM64.ActiveCfg = Debug|Any CPU
		{42A028EF-82AE-459A-956B-731F5DE4FC9B}.Debug|ARM64.Build.0 = Debug|Any CPU
		{42A028EF-82AE-459A-956B-731F5DE4FC9B}.Debug|iPhone.ActiveCfg = Debug|Any CPU
		{42A028EF-82AE-459A-956B-731F5DE4FC9B}.Debug|iPhone.Build.0 = Debug|Any CPU
		{42A028EF-82AE-459A-956B-731F5DE4FC9B}.Debug|iPhoneSimulator.ActiveCfg = Debug|Any CPU
		{42A028EF-82AE-459A-956B-731F5DE4FC9B}.Debug|iPhoneSimulator.Build.0 = Debug|Any CPU
		{42A028EF-82AE-459A-956B-731F5DE4FC9B}.Debug|x64.ActiveCfg = Debug|Any CPU
		{42A028EF-82AE-459A-956B-731F5DE4FC9B}.Debug|x64.Build.0 = Debug|Any CPU
		{42A028EF-82AE-459A-956B-731F5DE4FC9B}.Debug|x86.ActiveCfg = Debug|Any CPU
		{42A028EF-82AE-459A-956B-731F5DE4FC9B}.Debug|x86.Build.0 = Debug|Any CPU
		{42A028EF-82AE-459A-956B-731F5DE4FC9B}.Release|Any CPU.ActiveCfg = Release|Any CPU
		{42A028EF-82AE-459A-956B-731F5DE4FC9B}.Release|Any CPU.Build.0 = Release|Any CPU
		{42A028EF-82AE-459A-956B-731F5DE4FC9B}.Release|ARM.ActiveCfg = Release|Any CPU
		{42A028EF-82AE-459A-956B-731F5DE4FC9B}.Release|ARM.Build.0 = Release|Any CPU
		{42A028EF-82AE-459A-956B-731F5DE4FC9B}.Release|ARM64.ActiveCfg = Release|Any CPU
		{42A028EF-82AE-459A-956B-731F5DE4FC9B}.Release|ARM64.Build.0 = Release|Any CPU
		{42A028EF-82AE-459A-956B-731F5DE4FC9B}.Release|iPhone.ActiveCfg = Release|Any CPU
		{42A028EF-82AE-459A-956B-731F5DE4FC9B}.Release|iPhone.Build.0 = Release|Any CPU
		{42A028EF-82AE-459A-956B-731F5DE4FC9B}.Release|iPhoneSimulator.ActiveCfg = Release|Any CPU
		{42A028EF-82AE-459A-956B-731F5DE4FC9B}.Release|iPhoneSimulator.Build.0 = Release|Any CPU
		{42A028EF-82AE-459A-956B-731F5DE4FC9B}.Release|x64.ActiveCfg = Release|Any CPU
		{42A028EF-82AE-459A-956B-731F5DE4FC9B}.Release|x64.Build.0 = Release|Any CPU
		{42A028EF-82AE-459A-956B-731F5DE4FC9B}.Release|x86.ActiveCfg = Release|Any CPU
		{42A028EF-82AE-459A-956B-731F5DE4FC9B}.Release|x86.Build.0 = Release|Any CPU
		{0D256116-864A-478B-A615-EFFA4A0E143A}.Ad-Hoc|Any CPU.ActiveCfg = Release|iPhoneSimulator
		{0D256116-864A-478B-A615-EFFA4A0E143A}.Ad-Hoc|Any CPU.Build.0 = Release|iPhoneSimulator
		{0D256116-864A-478B-A615-EFFA4A0E143A}.Ad-Hoc|ARM.ActiveCfg = Release|iPhoneSimulator
		{0D256116-864A-478B-A615-EFFA4A0E143A}.Ad-Hoc|ARM.Build.0 = Release|iPhoneSimulator
		{0D256116-864A-478B-A615-EFFA4A0E143A}.Ad-Hoc|ARM64.ActiveCfg = Release|iPhoneSimulator
		{0D256116-864A-478B-A615-EFFA4A0E143A}.Ad-Hoc|ARM64.Build.0 = Release|iPhoneSimulator
		{0D256116-864A-478B-A615-EFFA4A0E143A}.Ad-Hoc|iPhone.ActiveCfg = Release|iPhoneSimulator
		{0D256116-864A-478B-A615-EFFA4A0E143A}.Ad-Hoc|iPhone.Build.0 = Release|iPhoneSimulator
		{0D256116-864A-478B-A615-EFFA4A0E143A}.Ad-Hoc|iPhoneSimulator.ActiveCfg = Release|iPhoneSimulator
		{0D256116-864A-478B-A615-EFFA4A0E143A}.Ad-Hoc|iPhoneSimulator.Build.0 = Release|iPhoneSimulator
		{0D256116-864A-478B-A615-EFFA4A0E143A}.Ad-Hoc|x64.ActiveCfg = Release|iPhoneSimulator
		{0D256116-864A-478B-A615-EFFA4A0E143A}.Ad-Hoc|x64.Build.0 = Release|iPhoneSimulator
		{0D256116-864A-478B-A615-EFFA4A0E143A}.Ad-Hoc|x86.ActiveCfg = Release|iPhoneSimulator
		{0D256116-864A-478B-A615-EFFA4A0E143A}.Ad-Hoc|x86.Build.0 = Release|iPhoneSimulator
		{0D256116-864A-478B-A615-EFFA4A0E143A}.AppStore|Any CPU.ActiveCfg = Release|iPhoneSimulator
		{0D256116-864A-478B-A615-EFFA4A0E143A}.AppStore|Any CPU.Build.0 = Release|iPhoneSimulator
		{0D256116-864A-478B-A615-EFFA4A0E143A}.AppStore|ARM.ActiveCfg = Release|iPhoneSimulator
		{0D256116-864A-478B-A615-EFFA4A0E143A}.AppStore|ARM.Build.0 = Release|iPhoneSimulator
		{0D256116-864A-478B-A615-EFFA4A0E143A}.AppStore|ARM64.ActiveCfg = Release|iPhoneSimulator
		{0D256116-864A-478B-A615-EFFA4A0E143A}.AppStore|ARM64.Build.0 = Release|iPhoneSimulator
		{0D256116-864A-478B-A615-EFFA4A0E143A}.AppStore|iPhone.ActiveCfg = Release|iPhoneSimulator
		{0D256116-864A-478B-A615-EFFA4A0E143A}.AppStore|iPhone.Build.0 = Release|iPhoneSimulator
		{0D256116-864A-478B-A615-EFFA4A0E143A}.AppStore|iPhoneSimulator.ActiveCfg = Release|iPhoneSimulator
		{0D256116-864A-478B-A615-EFFA4A0E143A}.AppStore|iPhoneSimulator.Build.0 = Release|iPhoneSimulator
		{0D256116-864A-478B-A615-EFFA4A0E143A}.AppStore|x64.ActiveCfg = Release|iPhoneSimulator
		{0D256116-864A-478B-A615-EFFA4A0E143A}.AppStore|x64.Build.0 = Release|iPhoneSimulator
		{0D256116-864A-478B-A615-EFFA4A0E143A}.AppStore|x86.ActiveCfg = Release|iPhoneSimulator
		{0D256116-864A-478B-A615-EFFA4A0E143A}.AppStore|x86.Build.0 = Release|iPhoneSimulator
		{0D256116-864A-478B-A615-EFFA4A0E143A}.Debug|Any CPU.ActiveCfg = Debug|iPhoneSimulator
		{0D256116-864A-478B-A615-EFFA4A0E143A}.Debug|ARM.ActiveCfg = Debug|iPhoneSimulator
		{0D256116-864A-478B-A615-EFFA4A0E143A}.Debug|ARM64.ActiveCfg = Debug|iPhoneSimulator
		{0D256116-864A-478B-A615-EFFA4A0E143A}.Debug|iPhone.ActiveCfg = Debug|iPhoneSimulator
		{0D256116-864A-478B-A615-EFFA4A0E143A}.Debug|iPhoneSimulator.ActiveCfg = Debug|iPhoneSimulator
		{0D256116-864A-478B-A615-EFFA4A0E143A}.Debug|iPhoneSimulator.Build.0 = Debug|iPhoneSimulator
		{0D256116-864A-478B-A615-EFFA4A0E143A}.Debug|x64.ActiveCfg = Debug|iPhoneSimulator
		{0D256116-864A-478B-A615-EFFA4A0E143A}.Debug|x86.ActiveCfg = Debug|iPhoneSimulator
		{0D256116-864A-478B-A615-EFFA4A0E143A}.Release|Any CPU.ActiveCfg = Release|iPhoneSimulator
		{0D256116-864A-478B-A615-EFFA4A0E143A}.Release|ARM.ActiveCfg = Release|iPhoneSimulator
		{0D256116-864A-478B-A615-EFFA4A0E143A}.Release|ARM64.ActiveCfg = Release|iPhoneSimulator
		{0D256116-864A-478B-A615-EFFA4A0E143A}.Release|iPhone.ActiveCfg = Release|iPhoneSimulator
		{0D256116-864A-478B-A615-EFFA4A0E143A}.Release|iPhoneSimulator.ActiveCfg = Release|iPhoneSimulator
		{0D256116-864A-478B-A615-EFFA4A0E143A}.Release|iPhoneSimulator.Build.0 = Release|iPhoneSimulator
		{0D256116-864A-478B-A615-EFFA4A0E143A}.Release|x64.ActiveCfg = Release|iPhoneSimulator
		{0D256116-864A-478B-A615-EFFA4A0E143A}.Release|x86.ActiveCfg = Release|iPhoneSimulator
	EndGlobalSection
	GlobalSection(SolutionProperties) = preSolution
		HideSolutionNode = FALSE
	EndGlobalSection
	GlobalSection(ExtensibilityGlobals) = postSolution
		SolutionGuid = {4CD8BEC0-FC3C-4FB2-9CED-9977513385BA}
	EndGlobalSection
EndGlobal
